# This file is autogenerated, do not edit; changes may be undone by the next 'dep ensure'.


[[projects]]
  name = "github.com/go-redis/redis"
  packages = [".","internal","internal/consistenthash","internal/hashtag","internal/pool","internal/proto"]
  revision = "a005081ecd2d0d963a1a20efda049223205cf90a"
  version = "v6.5.4"

[[projects]]
  name = "goji.io"
  packages = [".","internal","pat","pattern"]
  revision = "0d89ff54b2c18c9c4ba530e32496aef902d3c6cd"
  version = "v2.0"

[solve-meta]
  analyzer-name = "dep"
  analyzer-version = 1
  inputs-digest = "58afbc4764bdd13cb0c8ca3e0a4c4e18e62a786e9d1d1c430530974673325b83"
  solver-name = "gps-cdcl"
  solver-version = 1
